
Microsoft Visual Studio Solution File, Format Version 12.00
# Visual Studio Version 16
VisualStudioVersion = 16.0.29215.179
MinimumVisualStudioVersion = 10.0.40219.1
Project("{FAE04EC0-301F-11D3-BF4B-00C04F79EFBC}") = "WholesaleProductsSolution", "WholesaleProductsSolution.csproj", "{FA58D29A-3B4E-47C8-855E-BCDDD8936B52}"
EndProject
Global
	GlobalSection(SolutionConfigurationPlatforms) = preSolution
		Debug|Any CPU = Debug|Any CPU
		Release|Any CPU = Release|Any CPU
	EndGlobalSection
	GlobalSection(ProjectConfigurationPlatforms) = postSolution
		{FA58D29A-3B4E-47C8-855E-BCDDD8936B52}.Debug|Any CPU.ActiveCfg = Debug|Any CPU
		{FA58D29A-3B4E-47C8-855E-BCDDD8936B52}.Debug|Any CPU.Build.0 = Debug|Any CPU
		{FA58D29A-3B4E-47C8-855E-BCDDD8936B52}.Release|Any CPU.ActiveCfg = Release|Any CPU
		{FA58D29A-3B4E-47C8-855E-BCDDD8936B52}.Release|Any CPU.Build.0 = Release|Any CPU
	EndGlobalSection
	GlobalSection(SolutionProperties) = preSolution
		HideSolutionNode = FALSE
	EndGlobalSection
	GlobalSection(ExtensibilityGlobals) = postSolution
		SolutionGuid = {381379A0-E294-4914-B07E-B855DDDB998A}
	EndGlobalSection
EndGlobal
